// !$*UTF8*$!
{
	archiveVersion = 1;
	classes = {
	};
	objectVersion = 77;
	objects = {

/* Begin PBXContainerItemProxy section */
		D8B664992DBBF2EB00EF47C3 /* PBXContainerItemProxy */ = {
			isa = PBXContainerItemProxy;
			containerPortal = D8B664802DBBF2E900EF47C3 /* Project object */;
			proxyType = 1;
			remoteGlobalIDString = D8B664872DBBF2E900EF47C3;
			remoteInfo = ToDoManagement;
		};
		D8B664A32DBBF2EB00EF47C3 /* PBXContainerItemProxy */ = {
			isa = PBXContainerItemProxy;
			containerPortal = D8B664802DBBF2E900EF47C3 /* Project object */;
			proxyType = 1;
			remoteGlobalIDString = D8B664872DBBF2E900EF47C3;
			remoteInfo = ToDoManagement;
		};
/* End PBXContainerItemProxy section */

/* Begin PBXFileReference section */
		D8B664882DBBF2E900EF47C3 /* ToDoManagement.app */ = {isa = PBXFileReference; explicitFileType = wrapper.application; includeInIndex = 0; path = ToDoManagement.app; sourceTree = BUILT_PRODUCTS_DIR; };
		D8B664982DBBF2EB00EF47C3 /* ToDoManagementTests.xctest */ = {isa = PBXFileReference; explicitFileType = wrapper.cfbundle; includeInIndex = 0; path = ToDoManagementTests.xctest; sourceTree = BUILT_PRODUCTS_DIR; };
		D8B664A22DBBF2EB00EF47C3 /* ToDoManagementUITests.xctest */ = {isa = PBXFileReference; explicitFileType = wrapper.cfbundle; includeInIndex = 0; path = ToDoManagementUITests.xctest; sourceTree = BUILT_PRODUCTS_DIR; };
/* End PBXFileReference section */

/* Begin PBXFileSystemSynchronizedRootGroup section */
		D8B6648A2DBBF2E900EF47C3 /* ToDoManagement */ = {
			isa = PBXFileSystemSynchronizedRootGroup;
			path = ToDoManagement;
			sourceTree = "<group>";
		};
		D8B6649B2DBBF2EB00EF47C3 /* ToDoManagementTests */ = {
			isa = PBXFileSystemSynchronizedRootGroup;
			path = ToDoManagementTests;
			sourceTree = "<group>";
		};
		D8B664A52DBBF2EB00EF47C3 /* ToDoManagementUITests */ = {
			isa = PBXFileSystemSynchronizedRootGroup;
			path = ToDoManagementUITests;
			sourceTree = "<group>";
		};
/* End PBXFileSystemSynchronizedRootGroup section */

/* Begin PBXFrameworksBuildPhase section */
		D8B664852DBBF2E900EF47C3 /* Frameworks */ = {
			isa = PBXFrameworksBuildPhase;
			buildActionMask = 2147483647;
			files = (
			);
			runOnlyForDeploymentPostprocessing = 0;
		};
		D8B664952DBBF2EB00EF47C3 /* Frameworks */ = {
			isa = PBXFrameworksBuildPhase;
			buildActionMask = 2147483647;
			files = (
			);
			runOnlyForDeploymentPostprocessing = 0;
		};
		D8B6649F2DBBF2EB00EF47C3 /* Frameworks */ = {
			isa = PBXFrameworksBuildPhase;
			buildActionMask = 2147483647;
			files = (
			);
			runOnlyForDeploymentPostprocessing = 0;
		};
/* End PBXFrameworksBuildPhase section */

/* Begin PBXGroup section */
		D8B6647F2DBBF2E900EF47C3 = {
			isa = PBXGroup;
			children = (
				D8B6648A2DBBF2E900EF47C3 /* ToDoManagement */,
				D8B6649B2DBBF2EB00EF47C3 /* ToDoManagementTests */,
				D8B664A52DBBF2EB00EF47C3 /* ToDoManagementUITests */,
				D8B664892DBBF2E900EF47C3 /* Products */,
			);
			sourceTree = "<group>";
		};
		D8B664892DBBF2E900EF47C3 /* Products */ = {
			isa = PBXGroup;
			children = (
				D8B664882DBBF2E900EF47C3 /* ToDoManagement.app */,
				D8B664982DBBF2EB00EF47C3 /* ToDoManagementTests.xctest */,
				D8B664A22DBBF2EB00EF47C3 /* ToDoManagementUITests.xctest */,
			);
			name = Products;
			sourceTree = "<group>";
		};
/* End PBXGroup section */

/* Begin PBXNativeTarget section */
		D8B664872DBBF2E900EF47C3 /* ToDoManagement */ = {
			isa = PBXNativeTarget;
			buildConfigurationList = D8B664AC2DBBF2EB00EF47C3 /* Build configuration list for PBXNativeTarget "ToDoManagement" */;
			buildPhases = (
				D8B664842DBBF2E900EF47C3 /* Sources */,
				D8B664852DBBF2E900EF47C3 /* Frameworks */,
				D8B664862DBBF2E900EF47C3 /* Resources */,
			);
			buildRules = (
			);
			dependencies = (
			);
			fileSystemSynchronizedGroups = (
				D8B6648A2DBBF2E900EF47C3 /* ToDoManagement */,
			);
			name = ToDoManagement;
			packageProductDependencies = (
			);
			productName = ToDoManagement;
			productReference = D8B664882DBBF2E900EF47C3 /* ToDoManagement.app */;
			productType = "com.apple.product-type.application";
		};
		D8B664972DBBF2EB00EF47C3 /* ToDoManagementTests */ = {
			isa = PBXNativeTarget;
			buildConfigurationList = D8B664AF2DBBF2EB00EF47C3 /* Build configuration list for PBXNativeTarget "ToDoManagementTests" */;
			buildPhases = (
				D8B664942DBBF2EB00EF47C3 /* Sources */,
				D8B664952DBBF2EB00EF47C3 /* Frameworks */,
				D8B664962DBBF2EB00EF47C3 /* Resources */,
			);
			buildRules = (
			);
			dependencies = (
				D8B6649A2DBBF2EB00EF47C3 /* PBXTargetDependency */,
			);
			fileSystemSynchronizedGroups = (
				D8B6649B2DBBF2EB00EF47C3 /* ToDoManagementTests */,
			);
			name = ToDoManagementTests;
			packageProductDependencies = (
			);
			productName = ToDoManagementTests;
			productReference = D8B664982DBBF2EB00EF47C3 /* ToDoManagementTests.xctest */;
			productType = "com.apple.product-type.bundle.unit-test";
		};
		D8B664A12DBBF2EB00EF47C3 /* ToDoManagementUITests */ = {
			isa = PBXNativeTarget;
			buildConfigurationList = D8B664B22DBBF2EB00EF47C3 /* Build configuration list for PBXNativeTarget "ToDoManagementUITests" */;
			buildPhases = (
				D8B6649E2DBBF2EB00EF47C3 /* Sources */,
				D8B6649F2DBBF2EB00EF47C3 /* Frameworks */,
				D8B664A02DBBF2EB00EF47C3 /* Resources */,
			);
			buildRules = (
			);
			dependencies = (
				D8B664A42DBBF2EB00EF47C3 /* PBXTargetDependency */,
			);
			fileSystemSynchronizedGroups = (
				D8B664A52DBBF2EB00EF47C3 /* ToDoManagementUITests */,
			);
			name = ToDoManagementUITests;
			packageProductDependencies = (
			);
			productName = ToDoManagementUITests;
			productReference = D8B664A22DBBF2EB00EF47C3 /* ToDoManagementUITests.xctest */;
			productType = "com.apple.product-type.bundle.ui-testing";
		};
/* End PBXNativeTarget section */

/* Begin PBXProject section */
		D8B664802DBBF2E900EF47C3 /* Project object */ = {
			isa = PBXProject;
			attributes = {
				BuildIndependentTargetsInParallel = 1;
				LastSwiftUpdateCheck = 1620;
				LastUpgradeCheck = 1620;
				TargetAttributes = {
					D8B664872DBBF2E900EF47C3 = {
						CreatedOnToolsVersion = 16.2;
					};
					D8B664972DBBF2EB00EF47C3 = {
						CreatedOnToolsVersion = 16.2;
						TestTargetID = D8B664872DBBF2E900EF47C3;
					};
					D8B664A12DBBF2EB00EF47C3 = {
						CreatedOnToolsVersion = 16.2;
						TestTargetID = D8B664872DBBF2E900EF47C3;
					};
				};
			};
			buildConfigurationList = D8B664832DBBF2E900EF47C3 /* Build configuration list for PBXProject "ToDoManagement" */;
			developmentRegion = en;
			hasScannedForEncodings = 0;
			knownRegions = (
				en,
				Base,
			);
			mainGroup = D8B6647F2DBBF2E900EF47C3;
			minimizedProjectReferenceProxies = 1;
			preferredProjectObjectVersion = 77;
			productRefGroup = D8B664892DBBF2E900EF47C3 /* Products */;
			projectDirPath = "";
			projectRoot = "";
			targets = (
				D8B664872DBBF2E900EF47C3 /* ToDoManagement */,
				D8B664972DBBF2EB00EF47C3 /* ToDoManagementTests */,
				D8B664A12DBBF2EB00EF47C3 /* ToDoManagementUITests */,
			);
		};
/* End PBXProject section */

/* Begin PBXResourcesBuildPhase section */
		D8B664862DBBF2E900EF47C3 /* Resources */ = {
			isa = PBXResourcesBuildPhase;
			buildActionMask = 2147483647;
			files = (
			);
			runOnlyForDeploymentPostprocessing = 0;
		};
		D8B664962DBBF2EB00EF47C3 /* Resources */ = {
			isa = PBXResourcesBuildPhase;
			buildActionMask = 2147483647;
			files = (
			);
			runOnlyForDeploymentPostprocessing = 0;
		};
		D8B664A02DBBF2EB00EF47C3 /* Resources */ = {
			isa = PBXResourcesBuildPhase;
			buildActionMask = 2147483647;
			files = (
			);
			runOnlyForDeploymentPostprocessing = 0;
		};
/* End PBXResourcesBuildPhase section */

/* Begin PBXSourcesBuildPhase section */
		D8B664842DBBF2E900EF47C3 /* Sources */ = {
			isa = PBXSourcesBuildPhase;
			buildActionMask = 2147483647;
			files = (
			);
			runOnlyForDeploymentPostprocessing = 0;
		};
		D8B664942DBBF2EB00EF47C3 /* Sources */ = {
			isa = PBXSourcesBuildPhase;
			buildActionMask = 2147483647;
			files = (
			);
			runOnlyForDeploymentPostprocessing = 0;
		};
		D8B6649E2DBBF2EB00EF47C3 /* Sources */ = {
			isa = PBXSourcesBuildPhase;
			buildActionMask = 2147483647;
			files = (
			);
			runOnlyForDeploymentPostprocessing = 0;
		};
/* End PBXSourcesBuildPhase section */

/* Begin PBXTargetDependency section */
		D8B6649A2DBBF2EB00EF47C3 /* PBXTargetDependency */ = {
			isa = PBXTargetDependency;
			target = D8B664872DBBF2E900EF47C3 /* ToDoManagement */;
			targetProxy = D8B664992DBBF2EB00EF47C3 /* PBXContainerItemProxy */;
		};
		D8B664A42DBBF2EB00EF47C3 /* PBXTargetDependency */ = {
			isa = PBXTargetDependency;
			target = D8B664872DBBF2E900EF47C3 /* ToDoManagement */;
			targetProxy = D8B664A32DBBF2EB00EF47C3 /* PBXContainerItemProxy */;
		};
/* End PBXTargetDependency section */

/* Begin XCBuildConfiguration section */
		D8B664AA2DBBF2EB00EF47C3 /* Debug */ = {
			isa = XCBuildConfiguration;
			buildSettings = {
				ALWAYS_SEARCH_USER_PATHS = NO;
				ASSETCATALOG_COMPILER_GENERATE_SWIFT_ASSET_SYMBOL_EXTENSIONS = YES;
				CLANG_ANALYZER_NONNULL = YES;
				CLANG_ANALYZER_NUMBER_OBJECT_CONVERSION = YES_AGGRESSIVE;
				CLANG_CXX_LANGUAGE_STANDARD = "gnu++20";
				CLANG_ENABLE_MODULES = YES;
				CLANG_ENABLE_OBJC_ARC = YES;
				CLANG_ENABLE_OBJC_WEAK = YES;
				CLANG_WARN_BLOCK_CAPTURE_AUTORELEASING = YES;
				CLANG_WARN_BOOL_CONVERSION = YES;
				CLANG_WARN_COMMA = YES;
				CLANG_WARN_CONSTANT_CONVERSION = YES;
				CLANG_WARN_DEPRECATED_OBJC_IMPLEMENTATIONS = YES;
				CLANG_WARN_DIRECT_OBJC_ISA_USAGE = YES_ERROR;
				CLANG_WARN_DOCUMENTATION_COMMENTS = YES;
				CLANG_WARN_EMPTY_BODY = YES;
				CLANG_WARN_ENUM_CONVERSION = YES;
				CLANG_WARN_INFINITE_RECURSION = YES;
				CLANG_WARN_INT_CONVERSION = YES;
				CLANG_WARN_NON_LITERAL_NULL_CONVERSION = YES;
				CLANG_WARN_OBJC_IMPLICIT_RETAIN_SELF = YES;
				CLANG_WARN_OBJC_LITERAL_CONVERSION = YES;
				CLANG_WARN_OBJC_ROOT_CLASS = YES_ERROR;
				CLANG_WARN_QUOTED_INCLUDE_IN_FRAMEWORK_HEADER = YES;
				CLANG_WARN_RANGE_LOOP_ANALYSIS = YES;
				CLANG_WARN_STRICT_PROTOTYPES = YES;
				CLANG_WARN_SUSPICIOUS_MOVE = YES;
				CLANG_WARN_UNGUARDED_AVAILABILITY = YES_AGGRESSIVE;
				CLANG_WARN_UNREACHABLE_CODE = YES;
				CLANG_WARN__DUPLICATE_METHOD_MATCH = YES;
				COPY_PHASE_STRIP = NO;
				DEBUG_INFORMATION_FORMAT = dwarf;
				ENABLE_STRICT_OBJC_MSGSEND = YES;
				ENABLE_TESTABILITY = YES;
				ENABLE_USER_SCRIPT_SANDBOXING = YES;
				GCC_C_LANGUAGE_STANDARD = gnu17;
				GCC_DYNAMIC_NO_PIC = NO;
				GCC_NO_COMMON_BLOCKS = YES;
				GCC_OPTIMIZATION_LEVEL = 0;
				GCC_PREPROCESSOR_DEFINITIONS = (
					"DEBUG=1",
					"$(inherited)",
				);
				GCC_WARN_64_TO_32_BIT_CONVERSION = YES;
				GCC_WARN_ABOUT_RETURN_TYPE = YES_ERROR;
				GCC_WARN_UNDECLARED_SELECTOR = YES;
				GCC_WARN_UNINITIALIZED_AUTOS = YES_AGGRESSIVE;
				GCC_WARN_UNUSED_FUNCTION = YES;
				GCC_WARN_UNUSED_VARIABLE = YES;
				IPHONEOS_DEPLOYMENT_TARGET = 18.2;
				LOCALIZATION_PREFERS_STRING_CATALOGS = YES;
				MTL_ENABLE_DEBUG_INFO = INCLUDE_SOURCE;
				MTL_FAST_MATH = YES;
				ONLY_ACTIVE_ARCH = YES;
				SDKROOT = iphoneos;
				SWIFT_ACTIVE_COMPILATION_CONDITIONS = "DEBUG $(inherited)";
				SWIFT_OPTIMIZATION_LEVEL = "-Onone";
			};
			name = Debug;
		};
		D8B664AB2DBBF2EB00EF47C3 /* Release */ = {
			isa = XCBuildConfiguration;
			buildSettings = {
				ALWAYS_SEARCH_USER_PATHS = NO;
				ASSETCATALOG_COMPILER_GENERATE_SWIFT_ASSET_SYMBOL_EXTENSIONS = YES;
				CLANG_ANALYZER_NONNULL = YES;
				CLANG_ANALYZER_NUMBER_OBJECT_CONVERSION = YES_AGGRESSIVE;
				CLANG_CXX_LANGUAGE_STANDARD = "gnu++20";
				CLANG_ENABLE_MODULES = YES;
				CLANG_ENABLE_OBJC_ARC = YES;
				CLANG_ENABLE_OBJC_WEAK = YES;
				CLANG_WARN_BLOCK_CAPTURE_AUTORELEASING = YES;
				CLANG_WARN_BOOL_CONVERSION = YES;
				CLANG_WARN_COMMA = YES;
				CLANG_WARN_CONSTANT_CONVERSION = YES;
				CLANG_WARN_DEPRECATED_OBJC_IMPLEMENTATIONS = YES;
				CLANG_WARN_DIRECT_OBJC_ISA_USAGE = YES_ERROR;
				CLANG_WARN_DOCUMENTATION_COMMENTS = YES;
				CLANG_WARN_EMPTY_BODY = YES;
				CLANG_WARN_ENUM_CONVERSION = YES;
				CLANG_WARN_INFINITE_RECURSION = YES;
				CLANG_WARN_INT_CONVERSION = YES;
				CLANG_WARN_NON_LITERAL_NULL_CONVERSION = YES;
				CLANG_WARN_OBJC_IMPLICIT_RETAIN_SELF = YES;
				CLANG_WARN_OBJC_LITERAL_CONVERSION = YES;
				CLANG_WARN_OBJC_ROOT_CLASS = YES_ERROR;
				CLANG_WARN_QUOTED_INCLUDE_IN_FRAMEWORK_HEADER = YES;
				CLANG_WARN_RANGE_LOOP_ANALYSIS = YES;
				CLANG_WARN_STRICT_PROTOTYPES = YES;
				CLANG_WARN_SUSPICIOUS_MOVE = YES;
				CLANG_WARN_UNGUARDED_AVAILABILITY = YES_AGGRESSIVE;
				CLANG_WARN_UNREACHABLE_CODE = YES;
				CLANG_WARN__DUPLICATE_METHOD_MATCH = YES;
				COPY_PHASE_STRIP = NO;
				DEBUG_INFORMATION_FORMAT = "dwarf-with-dsym";
				ENABLE_NS_ASSERTIONS = NO;
				ENABLE_STRICT_OBJC_MSGSEND = YES;
				ENABLE_USER_SCRIPT_SANDBOXING = YES;
				GCC_C_LANGUAGE_STANDARD = gnu17;
				GCC_NO_COMMON_BLOCKS = YES;
				GCC_WARN_64_TO_32_BIT_CONVERSION = YES;
				GCC_WARN_ABOUT_RETURN_TYPE = YES_ERROR;
				GCC_WARN_UNDECLARED_SELECTOR = YES;
				GCC_WARN_UNINITIALIZED_AUTOS = YES_AGGRESSIVE;
				GCC_WARN_UNUSED_FUNCTION = YES;
				GCC_WARN_UNUSED_VARIABLE = YES;
				IPHONEOS_DEPLOYMENT_TARGET = 18.2;
				LOCALIZATION_PREFERS_STRING_CATALOGS = YES;
				MTL_ENABLE_DEBUG_INFO = NO;
				MTL_FAST_MATH = YES;
				SDKROOT = iphoneos;
				SWIFT_COMPILATION_MODE = wholemodule;
				VALIDATE_PRODUCT = YES;
			};
			name = Release;
		};
		D8B664AD2DBBF2EB00EF47C3 /* Debug */ = {
			isa = XCBuildConfiguration;
			buildSettings = {
				ASSETCATALOG_COMPILER_APPICON_NAME = AppIcon;
				ASSETCATALOG_COMPILER_GLOBAL_ACCENT_COLOR_NAME = AccentColor;
				CODE_SIGN_STYLE = Automatic;
				CURRENT_PROJECT_VERSION = 1;
				DEVELOPMENT_ASSET_PATHS = "\"ToDoManagement/Preview Content\"";
				ENABLE_PREVIEWS = YES;
				GENERATE_INFOPLIST_FILE = YES;
				INFOPLIST_KEY_UIApplicationSceneManifest_Generation = YES;
				INFOPLIST_KEY_UIApplicationSupportsIndirectInputEvents = YES;
				INFOPLIST_KEY_UILaunchScreen_Generation = YES;
				INFOPLIST_KEY_UISupportedInterfaceOrientations_iPad = "UIInterfaceOrientationPortrait UIInterfaceOrientationPortraitUpsideDown UIInterfaceOrientationLandscapeLeft UIInterfaceOrientationLandscapeRight";
				INFOPLIST_KEY_UISupportedInterfaceOrientations_iPhone = "UIInterfaceOrientationPortrait UIInterfaceOrientationLandscapeLeft UIInterfaceOrientationLandscapeRight";
				LD_RUNPATH_SEARCH_PATHS = (
					"$(inherited)",
					"@executable_path/Frameworks",
				);
				MARKETING_VERSION = 1.0;
				PRODUCT_BUNDLE_IDENTIFIER = fa.ToDoManagement;
				PRODUCT_NAME = "$(TARGET_NAME)";
				SWIFT_EMIT_LOC_STRINGS = YES;
				SWIFT_VERSION = 5.0;
				TARGETED_DEVICE_FAMILY = "1,2";
			};
			name = Debug;
		};
		D8B664AE2DBBF2EB00EF47C3 /* Release */ = {
			isa = XCBuildConfiguration;
			buildSettings = {
				ASSETCATALOG_COMPILER_APPICON_NAME = AppIcon;
				ASSETCATALOG_COMPILER_GLOBAL_ACCENT_COLOR_NAME = AccentColor;
				CODE_SIGN_STYLE = Automatic;
				CURRENT_PROJECT_VERSION = 1;
				DEVELOPMENT_ASSET_PATHS = "\"ToDoManagement/Preview Content\"";
				ENABLE_PREVIEWS = YES;
				GENERATE_INFOPLIST_FILE = YES;
				INFOPLIST_KEY_UIApplicationSceneManifest_Generation = YES;
				INFOPLIST_KEY_UIApplicationSupportsIndirectInputEvents = YES;
				INFOPLIST_KEY_UILaunchScreen_Generation = YES;
				INFOPLIST_KEY_UISupportedInterfaceOrientations_iPad = "UIInterfaceOrientationPortrait UIInterfaceOrientationPortraitUpsideDown UIInterfaceOrientationLandscapeLeft UIInterfaceOrientationLandscapeRight";
				INFOPLIST_KEY_UISupportedInterfaceOrientations_iPhone = "UIInterfaceOrientationPortrait UIInterfaceOrientationLandscapeLeft UIInterfaceOrientationLandscapeRight";
				LD_RUNPATH_SEARCH_PATHS = (
					"$(inherited)",
					"@executable_path/Frameworks",
				);
				MARKETING_VERSION = 1.0;
				PRODUCT_BUNDLE_IDENTIFIER = fa.ToDoManagement;
				PRODUCT_NAME = "$(TARGET_NAME)";
				SWIFT_EMIT_LOC_STRINGS = YES;
				SWIFT_VERSION = 5.0;
				TARGETED_DEVICE_FAMILY = "1,2";
			};
			name = Release;
		};
		D8B664B02DBBF2EB00EF47C3 /* Debug */ = {
			isa = XCBuildConfiguration;
			buildSettings = {
				BUNDLE_LOADER = "$(TEST_HOST)";
				CODE_SIGN_STYLE = Automatic;
				CURRENT_PROJECT_VERSION = 1;
				GENERATE_INFOPLIST_FILE = YES;
				IPHONEOS_DEPLOYMENT_TARGET = 18.2;
				MARKETING_VERSION = 1.0;
				PRODUCT_BUNDLE_IDENTIFIER = fa.ToDoManagementTests;
				PRODUCT_NAME = "$(TARGET_NAME)";
				SWIFT_EMIT_LOC_STRINGS = NO;
				SWIFT_VERSION = 5.0;
				TARGETED_DEVICE_FAMILY = "1,2";
				TEST_HOST = "$(BUILT_PRODUCTS_DIR)/ToDoManagement.app/$(BUNDLE_EXECUTABLE_FOLDER_PATH)/ToDoManagement";
			};
			name = Debug;
		};
		D8B664B12DBBF2EB00EF47C3 /* Release */ = {
			isa = XCBuildConfiguration;
			buildSettings = {
				BUNDLE_LOADER = "$(TEST_HOST)";
				CODE_SIGN_STYLE = Automatic;
				CURRENT_PROJECT_VERSION = 1;
				GENERATE_INFOPLIST_FILE = YES;
				IPHONEOS_DEPLOYMENT_TARGET = 18.2;
				MARKETING_VERSION = 1.0;
				PRODUCT_BUNDLE_IDENTIFIER = fa.ToDoManagementTests;
				PRODUCT_NAME = "$(TARGET_NAME)";
				SWIFT_EMIT_LOC_STRINGS = NO;
				SWIFT_VERSION = 5.0;
				TARGETED_DEVICE_FAMILY = "1,2";
				TEST_HOST = "$(BUILT_PRODUCTS_DIR)/ToDoManagement.app/$(BUNDLE_EXECUTABLE_FOLDER_PATH)/ToDoManagement";
			};
			name = Release;
		};
		D8B664B32DBBF2EB00EF47C3 /* Debug */ = {
			isa = XCBuildConfiguration;
			buildSettings = {
				CODE_SIGN_STYLE = Automatic;
				CURRENT_PROJECT_VERSION = 1;
				GENERATE_INFOPLIST_FILE = YES;
				MARKETING_VERSION = 1.0;
				PRODUCT_BUNDLE_IDENTIFIER = fa.ToDoManagementUITests;
				PRODUCT_NAME = "$(TARGET_NAME)";
				SWIFT_EMIT_LOC_STRINGS = NO;
				SWIFT_VERSION = 5.0;
				TARGETED_DEVICE_FAMILY = "1,2";
				TEST_TARGET_NAME = ToDoManagement;
			};
			name = Debug;
		};
		D8B664B42DBBF2EB00EF47C3 /* Release */ = {
			isa = XCBuildConfiguration;
			buildSettings = {
				CODE_SIGN_STYLE = Automatic;
				CURRENT_PROJECT_VERSION = 1;
				GENERATE_INFOPLIST_FILE = YES;
				MARKETING_VERSION = 1.0;
				PRODUCT_BUNDLE_IDENTIFIER = fa.ToDoManagementUITests;
				PRODUCT_NAME = "$(TARGET_NAME)";
				SWIFT_EMIT_LOC_STRINGS = NO;
				SWIFT_VERSION = 5.0;
				TARGETED_DEVICE_FAMILY = "1,2";
				TEST_TARGET_NAME = ToDoManagement;
			};
			name = Release;
		};
/* End XCBuildConfiguration section */

/* Begin XCConfigurationList section */
		D8B664832DBBF2E900EF47C3 /* Build configuration list for PBXProject "ToDoManagement" */ = {
			isa = XCConfigurationList;
			buildConfigurations = (
				D8B664AA2DBBF2EB00EF47C3 /* Debug */,
				D8B664AB2DBBF2EB00EF47C3 /* Release */,
			);
			defaultConfigurationIsVisible = 0;
			defaultConfigurationName = Release;
		};
		D8B664AC2DBBF2EB00EF47C3 /* Build configuration list for PBXNativeTarget "ToDoManagement" */ = {
			isa = XCConfigurationList;
			buildConfigurations = (
				D8B664AD2DBBF2EB00EF47C3 /* Debug */,
				D8B664AE2DBBF2EB00EF47C3 /* Release */,
			);
			defaultConfigurationIsVisible = 0;
			defaultConfigurationName = Release;
		};
		D8B664AF2DBBF2EB00EF47C3 /* Build configuration list for PBXNativeTarget "ToDoManagementTests" */ = {
			isa = XCConfigurationList;
			buildConfigurations = (
				D8B664B02DBBF2EB00EF47C3 /* Debug */,
				D8B664B12DBBF2EB00EF47C3 /* Release */,
			);
			defaultConfigurationIsVisible = 0;
			defaultConfigurationName = Release;
		};
		D8B664B22DBBF2EB00EF47C3 /* Build configuration list for PBXNativeTarget "ToDoManagementUITests" */ = {
			isa = XCConfigurationList;
			buildConfigurations = (
				D8B664B32DBBF2EB00EF47C3 /* Debug */,
				D8B664B42DBBF2EB00EF47C3 /* Release */,
			);
			defaultConfigurationIsVisible = 0;
			defaultConfigurationName = Release;
		};
/* End XCConfigurationList section */
	};
	rootObject = D8B664802DBBF2E900EF47C3 /* Project object */;
}
